
Microsoft Visual Studio Solution File, Format Version 12.00
# Visual Studio Version 17
VisualStudioVersion = 17.1.32210.238
MinimumVisualStudioVersion = 10.0.40219.1
Project("{FAE04EC0-301F-11D3-BF4B-00C04F79EFBC}") = "Proyect", "Proyect\Proyect.csproj", "{69723058-5FC7-493A-90B1-31F6E177FD67}"
EndProject
Global
	GlobalSection(SolutionConfigurationPlatforms) = preSolution
		Debug|Any CPU = Debug|Any CPU
		Release|Any CPU = Release|Any CPU
	EndGlobalSection
	GlobalSection(ProjectConfigurationPlatforms) = postSolution
		{69723058-5FC7-493A-90B1-31F6E177FD67}.Debug|Any CPU.ActiveCfg = Debug|Any CPU
		{69723058-5FC7-493A-90B1-31F6E177FD67}.Debug|Any CPU.Build.0 = Debug|Any CPU
		{69723058-5FC7-493A-90B1-31F6E177FD67}.Release|Any CPU.ActiveCfg = Release|Any CPU
		{69723058-5FC7-493A-90B1-31F6E177FD67}.Release|Any CPU.Build.0 = Release|Any CPU
	EndGlobalSection
	GlobalSection(SolutionProperties) = preSolution
		HideSolutionNode = FALSE
	EndGlobalSection
	GlobalSection(ExtensibilityGlobals) = postSolution
		SolutionGuid = {B6246546-6791-4807-967F-D91DCE92399C}
	EndGlobalSection
EndGlobal
